
Microsoft Visual Studio Solution File, Format Version 12.00
# Visual Studio 15
VisualStudioVersion = 15.0.28010.0
MinimumVisualStudioVersion = 10.0.40219.1
Project("{FAE04EC0-301F-11D3-BF4B-00C04F79EFBC}") = "FilterDotNetCore", "FilterDotNetCore\FilterDotNetCore.csproj", "{2228462C-B5A6-496E-A2A0-D7051B3B5B68}"
EndProject
Global
	GlobalSection(SolutionConfigurationPlatforms) = preSolution
		Debug|Any CPU = Debug|Any CPU
		Release|Any CPU = Release|Any CPU
	EndGlobalSection
	GlobalSection(ProjectConfigurationPlatforms) = postSolution
		{2228462C-B5A6-496E-A2A0-D7051B3B5B68}.Debug|Any CPU.ActiveCfg = Debug|Any CPU
		{2228462C-B5A6-496E-A2A0-D7051B3B5B68}.Debug|Any CPU.Build.0 = Debug|Any CPU
		{2228462C-B5A6-496E-A2A0-D7051B3B5B68}.Release|Any CPU.ActiveCfg = Release|Any CPU
		{2228462C-B5A6-496E-A2A0-D7051B3B5B68}.Release|Any CPU.Build.0 = Release|Any CPU
	EndGlobalSection
	GlobalSection(SolutionProperties) = preSolution
		HideSolutionNode = FALSE
	EndGlobalSection
	GlobalSection(ExtensibilityGlobals) = postSolution
		SolutionGuid = {4EAD7EA1-19E5-4F5D-9517-C2AAF88E696F}
	EndGlobalSection
EndGlobal
